// !$*UTF8*$!
{
	archiveVersion = 1;
	classes = {
	};
	objectVersion = 56;
	objects = {

/* Begin PBXBuildFile section */
		D376B945294EAB91000D251E /* LearningApp.swift in Sources */ = {isa = PBXBuildFile; fileRef = D376B944294EAB91000D251E /* LearningApp.swift */; };
		D376B947294EAB91000D251E /* HomeView.swift in Sources */ = {isa = PBXBuildFile; fileRef = D376B946294EAB91000D251E /* HomeView.swift */; };
		D376B949294EAB92000D251E /* Assets.xcassets in Resources */ = {isa = PBXBuildFile; fileRef = D376B948294EAB92000D251E /* Assets.xcassets */; };
		D376B94C294EAB92000D251E /* Preview Assets.xcassets in Resources */ = {isa = PBXBuildFile; fileRef = D376B94B294EAB92000D251E /* Preview Assets.xcassets */; };
		D376B956294EAB92000D251E /* LearningAppTests.swift in Sources */ = {isa = PBXBuildFile; fileRef = D376B955294EAB92000D251E /* LearningAppTests.swift */; };
		D376B960294EAB92000D251E /* LearningAppUITests.swift in Sources */ = {isa = PBXBuildFile; fileRef = D376B95F294EAB92000D251E /* LearningAppUITests.swift */; };
		D376B962294EAB92000D251E /* LearningAppUITestsLaunchTests.swift in Sources */ = {isa = PBXBuildFile; fileRef = D376B961294EAB92000D251E /* LearningAppUITestsLaunchTests.swift */; };
		D376B975294EACDA000D251E /* ContentModel.swift in Sources */ = {isa = PBXBuildFile; fileRef = D376B974294EACDA000D251E /* ContentModel.swift */; };
/* End PBXBuildFile section */

/* Begin PBXContainerItemProxy section */
		D376B952294EAB92000D251E /* PBXContainerItemProxy */ = {
			isa = PBXContainerItemProxy;
			containerPortal = D376B939294EAB91000D251E /* Project object */;
			proxyType = 1;
			remoteGlobalIDString = D376B940294EAB91000D251E;
			remoteInfo = LearningApp;
		};
		D376B95C294EAB92000D251E /* PBXContainerItemProxy */ = {
			isa = PBXContainerItemProxy;
			containerPortal = D376B939294EAB91000D251E /* Project object */;
			proxyType = 1;
			remoteGlobalIDString = D376B940294EAB91000D251E;
			remoteInfo = LearningApp;
		};
/* End PBXContainerItemProxy section */

/* Begin PBXFileReference section */
		D376B941294EAB91000D251E /* LearningApp.app */ = {isa = PBXFileReference; explicitFileType = wrapper.application; includeInIndex = 0; path = LearningApp.app; sourceTree = BUILT_PRODUCTS_DIR; };
		D376B944294EAB91000D251E /* LearningApp.swift */ = {isa = PBXFileReference; lastKnownFileType = sourcecode.swift; path = LearningApp.swift; sourceTree = "<group>"; };
		D376B946294EAB91000D251E /* HomeView.swift */ = {isa = PBXFileReference; lastKnownFileType = sourcecode.swift; path = HomeView.swift; sourceTree = "<group>"; };
		D376B948294EAB92000D251E /* Assets.xcassets */ = {isa = PBXFileReference; lastKnownFileType = folder.assetcatalog; path = Assets.xcassets; sourceTree = "<group>"; };
		D376B94B294EAB92000D251E /* Preview Assets.xcassets */ = {isa = PBXFileReference; lastKnownFileType = folder.assetcatalog; path = "Preview Assets.xcassets"; sourceTree = "<group>"; };
		D376B951294EAB92000D251E /* LearningAppTests.xctest */ = {isa = PBXFileReference; explicitFileType = wrapper.cfbundle; includeInIndex = 0; path = LearningAppTests.xctest; sourceTree = BUILT_PRODUCTS_DIR; };
		D376B955294EAB92000D251E /* LearningAppTests.swift */ = {isa = PBXFileReference; lastKnownFileType = sourcecode.swift; path = LearningAppTests.swift; sourceTree = "<group>"; };
		D376B95B294EAB92000D251E /* LearningAppUITests.xctest */ = {isa = PBXFileReference; explicitFileType = wrapper.cfbundle; includeInIndex = 0; path = LearningAppUITests.xctest; sourceTree = BUILT_PRODUCTS_DIR; };
		D376B95F294EAB92000D251E /* LearningAppUITests.swift */ = {isa = PBXFileReference; lastKnownFileType = sourcecode.swift; path = LearningAppUITests.swift; sourceTree = "<group>"; };
		D376B961294EAB92000D251E /* LearningAppUITestsLaunchTests.swift */ = {isa = PBXFileReference; lastKnownFileType = sourcecode.swift; path = LearningAppUITestsLaunchTests.swift; sourceTree = "<group>"; };
		D376B974294EACDA000D251E /* ContentModel.swift */ = {isa = PBXFileReference; lastKnownFileType = sourcecode.swift; path = ContentModel.swift; sourceTree = "<group>"; };
/* End PBXFileReference section */

/* Begin PBXFrameworksBuildPhase section */
		D376B93E294EAB91000D251E /* Frameworks */ = {
			isa = PBXFrameworksBuildPhase;
			buildActionMask = 2147483647;
			files = (
			);
			runOnlyForDeploymentPostprocessing = 0;
		};
		D376B94E294EAB92000D251E /* Frameworks */ = {
			isa = PBXFrameworksBuildPhase;
			buildActionMask = 2147483647;
			files = (
			);
			runOnlyForDeploymentPostprocessing = 0;
		};
		D376B958294EAB92000D251E /* Frameworks */ = {
			isa = PBXFrameworksBuildPhase;
			buildActionMask = 2147483647;
			files = (
			);
			runOnlyForDeploymentPostprocessing = 0;
		};
/* End PBXFrameworksBuildPhase section */

/* Begin PBXGroup section */
		D376B938294EAB91000D251E = {
			isa = PBXGroup;
			children = (
				D376B943294EAB91000D251E /* LearningApp */,
				D376B954294EAB92000D251E /* LearningAppTests */,
				D376B95E294EAB92000D251E /* LearningAppUITests */,
				D376B942294EAB91000D251E /* Products */,
			);
			sourceTree = "<group>";
		};
		D376B942294EAB91000D251E /* Products */ = {
			isa = PBXGroup;
			children = (
				D376B941294EAB91000D251E /* LearningApp.app */,
				D376B951294EAB92000D251E /* LearningAppTests.xctest */,
				D376B95B294EAB92000D251E /* LearningAppUITests.xctest */,
			);
			name = Products;
			sourceTree = "<group>";
		};
		D376B943294EAB91000D251E /* LearningApp */ = {
			isa = PBXGroup;
			children = (
				D376B944294EAB91000D251E /* LearningApp.swift */,
				D376B96E294EAC2E000D251E /* Views */,
				D376B96F294EAC37000D251E /* ViewModels */,
				D376B971294EAC63000D251E /* Modules */,
				D376B972294EAC6D000D251E /* Resources */,
				D376B973294EAC7E000D251E /* Helpers */,
				D376B948294EAB92000D251E /* Assets.xcassets */,
				D376B94A294EAB92000D251E /* Preview Content */,
			);
			path = LearningApp;
			sourceTree = "<group>";
		};
		D376B94A294EAB92000D251E /* Preview Content */ = {
			isa = PBXGroup;
			children = (
				D376B94B294EAB92000D251E /* Preview Assets.xcassets */,
			);
			path = "Preview Content";
			sourceTree = "<group>";
		};
		D376B954294EAB92000D251E /* LearningAppTests */ = {
			isa = PBXGroup;
			children = (
				D376B955294EAB92000D251E /* LearningAppTests.swift */,
			);
			path = LearningAppTests;
			sourceTree = "<group>";
		};
		D376B95E294EAB92000D251E /* LearningAppUITests */ = {
			isa = PBXGroup;
			children = (
				D376B95F294EAB92000D251E /* LearningAppUITests.swift */,
				D376B961294EAB92000D251E /* LearningAppUITestsLaunchTests.swift */,
			);
			path = LearningAppUITests;
			sourceTree = "<group>";
		};
		D376B96E294EAC2E000D251E /* Views */ = {
			isa = PBXGroup;
			children = (
				D376B946294EAB91000D251E /* HomeView.swift */,
			);
			path = Views;
			sourceTree = "<group>";
		};
		D376B96F294EAC37000D251E /* ViewModels */ = {
			isa = PBXGroup;
			children = (
				D376B974294EACDA000D251E /* ContentModel.swift */,
			);
			path = ViewModels;
			sourceTree = "<group>";
		};
		D376B971294EAC63000D251E /* Modules */ = {
			isa = PBXGroup;
			children = (
			);
			path = Modules;
			sourceTree = "<group>";
		};
		D376B972294EAC6D000D251E /* Resources */ = {
			isa = PBXGroup;
			children = (
			);
			path = Resources;
			sourceTree = "<group>";
		};
		D376B973294EAC7E000D251E /* Helpers */ = {
			isa = PBXGroup;
			children = (
			);
			path = Helpers;
			sourceTree = "<group>";
		};
/* End PBXGroup section */

/* Begin PBXNativeTarget section */
		D376B940294EAB91000D251E /* LearningApp */ = {
			isa = PBXNativeTarget;
			buildConfigurationList = D376B965294EAB92000D251E /* Build configuration list for PBXNativeTarget "LearningApp" */;
			buildPhases = (
				D376B93D294EAB91000D251E /* Sources */,
				D376B93E294EAB91000D251E /* Frameworks */,
				D376B93F294EAB91000D251E /* Resources */,
			);
			buildRules = (
			);
			dependencies = (
			);
			name = LearningApp;
			productName = LearningApp;
			productReference = D376B941294EAB91000D251E /* LearningApp.app */;
			productType = "com.apple.product-type.application";
		};
		D376B950294EAB92000D251E /* LearningAppTests */ = {
			isa = PBXNativeTarget;
			buildConfigurationList = D376B968294EAB92000D251E /* Build configuration list for PBXNativeTarget "LearningAppTests" */;
			buildPhases = (
				D376B94D294EAB92000D251E /* Sources */,
				D376B94E294EAB92000D251E /* Frameworks */,
				D376B94F294EAB92000D251E /* Resources */,
			);
			buildRules = (
			);
			dependencies = (
				D376B953294EAB92000D251E /* PBXTargetDependency */,
			);
			name = LearningAppTests;
			productName = LearningAppTests;
			productReference = D376B951294EAB92000D251E /* LearningAppTests.xctest */;
			productType = "com.apple.product-type.bundle.unit-test";
		};
		D376B95A294EAB92000D251E /* LearningAppUITests */ = {
			isa = PBXNativeTarget;
			buildConfigurationList = D376B96B294EAB92000D251E /* Build configuration list for PBXNativeTarget "LearningAppUITests" */;
			buildPhases = (
				D376B957294EAB92000D251E /* Sources */,
				D376B958294EAB92000D251E /* Frameworks */,
				D376B959294EAB92000D251E /* Resources */,
			);
			buildRules = (
			);
			dependencies = (
				D376B95D294EAB92000D251E /* PBXTargetDependency */,
			);
			name = LearningAppUITests;
			productName = LearningAppUITests;
			productReference = D376B95B294EAB92000D251E /* LearningAppUITests.xctest */;
			productType = "com.apple.product-type.bundle.ui-testing";
		};
/* End PBXNativeTarget section */

/* Begin PBXProject section */
		D376B939294EAB91000D251E /* Project object */ = {
			isa = PBXProject;
			attributes = {
				BuildIndependentTargetsInParallel = 1;
				LastSwiftUpdateCheck = 1420;
				LastUpgradeCheck = 1420;
				TargetAttributes = {
					D376B940294EAB91000D251E = {
						CreatedOnToolsVersion = 14.2;
					};
					D376B950294EAB92000D251E = {
						CreatedOnToolsVersion = 14.2;
						TestTargetID = D376B940294EAB91000D251E;
					};
					D376B95A294EAB92000D251E = {
						CreatedOnToolsVersion = 14.2;
						TestTargetID = D376B940294EAB91000D251E;
					};
				};
			};
			buildConfigurationList = D376B93C294EAB91000D251E /* Build configuration list for PBXProject "LearningApp" */;
			compatibilityVersion = "Xcode 14.0";
			developmentRegion = en;
			hasScannedForEncodings = 0;
			knownRegions = (
				en,
				Base,
			);
			mainGroup = D376B938294EAB91000D251E;
			productRefGroup = D376B942294EAB91000D251E /* Products */;
			projectDirPath = "";
			projectRoot = "";
			targets = (
				D376B940294EAB91000D251E /* LearningApp */,
				D376B950294EAB92000D251E /* LearningAppTests */,
				D376B95A294EAB92000D251E /* LearningAppUITests */,
			);
		};
/* End PBXProject section */

/* Begin PBXResourcesBuildPhase section */
		D376B93F294EAB91000D251E /* Resources */ = {
			isa = PBXResourcesBuildPhase;
			buildActionMask = 2147483647;
			files = (
				D376B94C294EAB92000D251E /* Preview Assets.xcassets in Resources */,
				D376B949294EAB92000D251E /* Assets.xcassets in Resources */,
			);
			runOnlyForDeploymentPostprocessing = 0;
		};
		D376B94F294EAB92000D251E /* Resources */ = {
			isa = PBXResourcesBuildPhase;
			buildActionMask = 2147483647;
			files = (
			);
			runOnlyForDeploymentPostprocessing = 0;
		};
		D376B959294EAB92000D251E /* Resources */ = {
			isa = PBXResourcesBuildPhase;
			buildActionMask = 2147483647;
			files = (
			);
			runOnlyForDeploymentPostprocessing = 0;
		};
/* End PBXResourcesBuildPhase section */

/* Begin PBXSourcesBuildPhase section */
		D376B93D294EAB91000D251E /* Sources */ = {
			isa = PBXSourcesBuildPhase;
			buildActionMask = 2147483647;
			files = (
				D376B947294EAB91000D251E /* HomeView.swift in Sources */,
				D376B945294EAB91000D251E /* LearningApp.swift in Sources */,
				D376B975294EACDA000D251E /* ContentModel.swift in Sources */,
			);
			runOnlyForDeploymentPostprocessing = 0;
		};
		D376B94D294EAB92000D251E /* Sources */ = {
			isa = PBXSourcesBuildPhase;
			buildActionMask = 2147483647;
			files = (
				D376B956294EAB92000D251E /* LearningAppTests.swift in Sources */,
			);
			runOnlyForDeploymentPostprocessing = 0;
		};
		D376B957294EAB92000D251E /* Sources */ = {
			isa = PBXSourcesBuildPhase;
			buildActionMask = 2147483647;
			files = (
				D376B962294EAB92000D251E /* LearningAppUITestsLaunchTests.swift in Sources */,
				D376B960294EAB92000D251E /* LearningAppUITests.swift in Sources */,
			);
			runOnlyForDeploymentPostprocessing = 0;
		};
/* End PBXSourcesBuildPhase section */

/* Begin PBXTargetDependency section */
		D376B953294EAB92000D251E /* PBXTargetDependency */ = {
			isa = PBXTargetDependency;
			target = D376B940294EAB91000D251E /* LearningApp */;
			targetProxy = D376B952294EAB92000D251E /* PBXContainerItemProxy */;
		};
		D376B95D294EAB92000D251E /* PBXTargetDependency */ = {
			isa = PBXTargetDependency;
			target = D376B940294EAB91000D251E /* LearningApp */;
			targetProxy = D376B95C294EAB92000D251E /* PBXContainerItemProxy */;
		};
/* End PBXTargetDependency section */

/* Begin XCBuildConfiguration section */
		D376B963294EAB92000D251E /* Debug */ = {
			isa = XCBuildConfiguration;
			buildSettings = {
				ALWAYS_SEARCH_USER_PATHS = NO;
				CLANG_ANALYZER_NONNULL = YES;
				CLANG_ANALYZER_NUMBER_OBJECT_CONVERSION = YES_AGGRESSIVE;
				CLANG_CXX_LANGUAGE_STANDARD = "gnu++20";
				CLANG_ENABLE_MODULES = YES;
				CLANG_ENABLE_OBJC_ARC = YES;
				CLANG_ENABLE_OBJC_WEAK = YES;
				CLANG_WARN_BLOCK_CAPTURE_AUTORELEASING = YES;
				CLANG_WARN_BOOL_CONVERSION = YES;
				CLANG_WARN_COMMA = YES;
				CLANG_WARN_CONSTANT_CONVERSION = YES;
				CLANG_WARN_DEPRECATED_OBJC_IMPLEMENTATIONS = YES;
				CLANG_WARN_DIRECT_OBJC_ISA_USAGE = YES_ERROR;
				CLANG_WARN_DOCUMENTATION_COMMENTS = YES;
				CLANG_WARN_EMPTY_BODY = YES;
				CLANG_WARN_ENUM_CONVERSION = YES;
				CLANG_WARN_INFINITE_RECURSION = YES;
				CLANG_WARN_INT_CONVERSION = YES;
				CLANG_WARN_NON_LITERAL_NULL_CONVERSION = YES;
				CLANG_WARN_OBJC_IMPLICIT_RETAIN_SELF = YES;
				CLANG_WARN_OBJC_LITERAL_CONVERSION = YES;
				CLANG_WARN_OBJC_ROOT_CLASS = YES_ERROR;
				CLANG_WARN_QUOTED_INCLUDE_IN_FRAMEWORK_HEADER = YES;
				CLANG_WARN_RANGE_LOOP_ANALYSIS = YES;
				CLANG_WARN_STRICT_PROTOTYPES = YES;
				CLANG_WARN_SUSPICIOUS_MOVE = YES;
				CLANG_WARN_UNGUARDED_AVAILABILITY = YES_AGGRESSIVE;
				CLANG_WARN_UNREACHABLE_CODE = YES;
				CLANG_WARN__DUPLICATE_METHOD_MATCH = YES;
				COPY_PHASE_STRIP = NO;
				DEBUG_INFORMATION_FORMAT = dwarf;
				ENABLE_STRICT_OBJC_MSGSEND = YES;
				ENABLE_TESTABILITY = YES;
				GCC_C_LANGUAGE_STANDARD = gnu11;
				GCC_DYNAMIC_NO_PIC = NO;
				GCC_NO_COMMON_BLOCKS = YES;
				GCC_OPTIMIZATION_LEVEL = 0;
				GCC_PREPROCESSOR_DEFINITIONS = (
					"DEBUG=1",
					"$(inherited)",
				);
				GCC_WARN_64_TO_32_BIT_CONVERSION = YES;
				GCC_WARN_ABOUT_RETURN_TYPE = YES_ERROR;
				GCC_WARN_UNDECLARED_SELECTOR = YES;
				GCC_WARN_UNINITIALIZED_AUTOS = YES_AGGRESSIVE;
				GCC_WARN_UNUSED_FUNCTION = YES;
				GCC_WARN_UNUSED_VARIABLE = YES;
				IPHONEOS_DEPLOYMENT_TARGET = 16.2;
				MTL_ENABLE_DEBUG_INFO = INCLUDE_SOURCE;
				MTL_FAST_MATH = YES;
				ONLY_ACTIVE_ARCH = YES;
				SDKROOT = iphoneos;
				SWIFT_ACTIVE_COMPILATION_CONDITIONS = DEBUG;
				SWIFT_OPTIMIZATION_LEVEL = "-Onone";
			};
			name = Debug;
		};
		D376B964294EAB92000D251E /* Release */ = {
			isa = XCBuildConfiguration;
			buildSettings = {
				ALWAYS_SEARCH_USER_PATHS = NO;
				CLANG_ANALYZER_NONNULL = YES;
				CLANG_ANALYZER_NUMBER_OBJECT_CONVERSION = YES_AGGRESSIVE;
				CLANG_CXX_LANGUAGE_STANDARD = "gnu++20";
				CLANG_ENABLE_MODULES = YES;
				CLANG_ENABLE_OBJC_ARC = YES;
				CLANG_ENABLE_OBJC_WEAK = YES;
				CLANG_WARN_BLOCK_CAPTURE_AUTORELEASING = YES;
				CLANG_WARN_BOOL_CONVERSION = YES;
				CLANG_WARN_COMMA = YES;
				CLANG_WARN_CONSTANT_CONVERSION = YES;
				CLANG_WARN_DEPRECATED_OBJC_IMPLEMENTATIONS = YES;
				CLANG_WARN_DIRECT_OBJC_ISA_USAGE = YES_ERROR;
				CLANG_WARN_DOCUMENTATION_COMMENTS = YES;
				CLANG_WARN_EMPTY_BODY = YES;
				CLANG_WARN_ENUM_CONVERSION = YES;
				CLANG_WARN_INFINITE_RECURSION = YES;
				CLANG_WARN_INT_CONVERSION = YES;
				CLANG_WARN_NON_LITERAL_NULL_CONVERSION = YES;
				CLANG_WARN_OBJC_IMPLICIT_RETAIN_SELF = YES;
				CLANG_WARN_OBJC_LITERAL_CONVERSION = YES;
				CLANG_WARN_OBJC_ROOT_CLASS = YES_ERROR;
				CLANG_WARN_QUOTED_INCLUDE_IN_FRAMEWORK_HEADER = YES;
				CLANG_WARN_RANGE_LOOP_ANALYSIS = YES;
				CLANG_WARN_STRICT_PROTOTYPES = YES;
				CLANG_WARN_SUSPICIOUS_MOVE = YES;
				CLANG_WARN_UNGUARDED_AVAILABILITY = YES_AGGRESSIVE;
				CLANG_WARN_UNREACHABLE_CODE = YES;
				CLANG_WARN__DUPLICATE_METHOD_MATCH = YES;
				COPY_PHASE_STRIP = NO;
				DEBUG_INFORMATION_FORMAT = "dwarf-with-dsym";
				ENABLE_NS_ASSERTIONS = NO;
				ENABLE_STRICT_OBJC_MSGSEND = YES;
				GCC_C_LANGUAGE_STANDARD = gnu11;
				GCC_NO_COMMON_BLOCKS = YES;
				GCC_WARN_64_TO_32_BIT_CONVERSION = YES;
				GCC_WARN_ABOUT_RETURN_TYPE = YES_ERROR;
				GCC_WARN_UNDECLARED_SELECTOR = YES;
				GCC_WARN_UNINITIALIZED_AUTOS = YES_AGGRESSIVE;
				GCC_WARN_UNUSED_FUNCTION = YES;
				GCC_WARN_UNUSED_VARIABLE = YES;
				IPHONEOS_DEPLOYMENT_TARGET = 16.2;
				MTL_ENABLE_DEBUG_INFO = NO;
				MTL_FAST_MATH = YES;
				SDKROOT = iphoneos;
				SWIFT_COMPILATION_MODE = wholemodule;
				SWIFT_OPTIMIZATION_LEVEL = "-O";
				VALIDATE_PRODUCT = YES;
			};
			name = Release;
		};
		D376B966294EAB92000D251E /* Debug */ = {
			isa = XCBuildConfiguration;
			buildSettings = {
				ASSETCATALOG_COMPILER_APPICON_NAME = AppIcon;
				ASSETCATALOG_COMPILER_GLOBAL_ACCENT_COLOR_NAME = AccentColor;
				CODE_SIGN_STYLE = Automatic;
				CURRENT_PROJECT_VERSION = 1;
				DEVELOPMENT_ASSET_PATHS = "\"LearningApp/Preview Content\"";
				DEVELOPMENT_TEAM = A3PJCFNUAB;
				ENABLE_PREVIEWS = YES;
				GENERATE_INFOPLIST_FILE = YES;
				INFOPLIST_KEY_UIApplicationSceneManifest_Generation = YES;
				INFOPLIST_KEY_UIApplicationSupportsIndirectInputEvents = YES;
				INFOPLIST_KEY_UILaunchScreen_Generation = YES;
				INFOPLIST_KEY_UISupportedInterfaceOrientations_iPad = "UIInterfaceOrientationPortrait UIInterfaceOrientationPortraitUpsideDown UIInterfaceOrientationLandscapeLeft UIInterfaceOrientationLandscapeRight";
				INFOPLIST_KEY_UISupportedInterfaceOrientations_iPhone = "UIInterfaceOrientationPortrait UIInterfaceOrientationLandscapeLeft UIInterfaceOrientationLandscapeRight";
				LD_RUNPATH_SEARCH_PATHS = (
					"$(inherited)",
					"@executable_path/Frameworks",
				);
				MARKETING_VERSION = 1.0;
				PRODUCT_BUNDLE_IDENTIFIER = montalto.domenico.LearningApp;
				PRODUCT_NAME = "$(TARGET_NAME)";
				SWIFT_EMIT_LOC_STRINGS = YES;
				SWIFT_VERSION = 5.0;
				TARGETED_DEVICE_FAMILY = "1,2";
			};
			name = Debug;
		};
		D376B967294EAB92000D251E /* Release */ = {
			isa = XCBuildConfiguration;
			buildSettings = {
				ASSETCATALOG_COMPILER_APPICON_NAME = AppIcon;
				ASSETCATALOG_COMPILER_GLOBAL_ACCENT_COLOR_NAME = AccentColor;
				CODE_SIGN_STYLE = Automatic;
				CURRENT_PROJECT_VERSION = 1;
				DEVELOPMENT_ASSET_PATHS = "\"LearningApp/Preview Content\"";
				DEVELOPMENT_TEAM = A3PJCFNUAB;
				ENABLE_PREVIEWS = YES;
				GENERATE_INFOPLIST_FILE = YES;
				INFOPLIST_KEY_UIApplicationSceneManifest_Generation = YES;
				INFOPLIST_KEY_UIApplicationSupportsIndirectInputEvents = YES;
				INFOPLIST_KEY_UILaunchScreen_Generation = YES;
				INFOPLIST_KEY_UISupportedInterfaceOrientations_iPad = "UIInterfaceOrientationPortrait UIInterfaceOrientationPortraitUpsideDown UIInterfaceOrientationLandscapeLeft UIInterfaceOrientationLandscapeRight";
				INFOPLIST_KEY_UISupportedInterfaceOrientations_iPhone = "UIInterfaceOrientationPortrait UIInterfaceOrientationLandscapeLeft UIInterfaceOrientationLandscapeRight";
				LD_RUNPATH_SEARCH_PATHS = (
					"$(inherited)",
					"@executable_path/Frameworks",
				);
				MARKETING_VERSION = 1.0;
				PRODUCT_BUNDLE_IDENTIFIER = montalto.domenico.LearningApp;
				PRODUCT_NAME = "$(TARGET_NAME)";
				SWIFT_EMIT_LOC_STRINGS = YES;
				SWIFT_VERSION = 5.0;
				TARGETED_DEVICE_FAMILY = "1,2";
			};
			name = Release;
		};
		D376B969294EAB92000D251E /* Debug */ = {
			isa = XCBuildConfiguration;
			buildSettings = {
				ALWAYS_EMBED_SWIFT_STANDARD_LIBRARIES = YES;
				BUNDLE_LOADER = "$(TEST_HOST)";
				CODE_SIGN_STYLE = Automatic;
				CURRENT_PROJECT_VERSION = 1;
				DEVELOPMENT_TEAM = A3PJCFNUAB;
				GENERATE_INFOPLIST_FILE = YES;
				IPHONEOS_DEPLOYMENT_TARGET = 16.2;
				MARKETING_VERSION = 1.0;
				PRODUCT_BUNDLE_IDENTIFIER = montalto.domenico.LearningAppTests;
				PRODUCT_NAME = "$(TARGET_NAME)";
				SWIFT_EMIT_LOC_STRINGS = NO;
				SWIFT_VERSION = 5.0;
				TARGETED_DEVICE_FAMILY = "1,2";
				TEST_HOST = "$(BUILT_PRODUCTS_DIR)/LearningApp.app/$(BUNDLE_EXECUTABLE_FOLDER_PATH)/LearningApp";
			};
			name = Debug;
		};
		D376B96A294EAB92000D251E /* Release */ = {
			isa = XCBuildConfiguration;
			buildSettings = {
				ALWAYS_EMBED_SWIFT_STANDARD_LIBRARIES = YES;
				BUNDLE_LOADER = "$(TEST_HOST)";
				CODE_SIGN_STYLE = Automatic;
				CURRENT_PROJECT_VERSION = 1;
				DEVELOPMENT_TEAM = A3PJCFNUAB;
				GENERATE_INFOPLIST_FILE = YES;
				IPHONEOS_DEPLOYMENT_TARGET = 16.2;
				MARKETING_VERSION = 1.0;
				PRODUCT_BUNDLE_IDENTIFIER = montalto.domenico.LearningAppTests;
				PRODUCT_NAME = "$(TARGET_NAME)";
				SWIFT_EMIT_LOC_STRINGS = NO;
				SWIFT_VERSION = 5.0;
				TARGETED_DEVICE_FAMILY = "1,2";
				TEST_HOST = "$(BUILT_PRODUCTS_DIR)/LearningApp.app/$(BUNDLE_EXECUTABLE_FOLDER_PATH)/LearningApp";
			};
			name = Release;
		};
		D376B96C294EAB92000D251E /* Debug */ = {
			isa = XCBuildConfiguration;
			buildSettings = {
				ALWAYS_EMBED_SWIFT_STANDARD_LIBRARIES = YES;
				CODE_SIGN_STYLE = Automatic;
				CURRENT_PROJECT_VERSION = 1;
				DEVELOPMENT_TEAM = A3PJCFNUAB;
				GENERATE_INFOPLIST_FILE = YES;
				MARKETING_VERSION = 1.0;
				PRODUCT_BUNDLE_IDENTIFIER = montalto.domenico.LearningAppUITests;
				PRODUCT_NAME = "$(TARGET_NAME)";
				SWIFT_EMIT_LOC_STRINGS = NO;
				SWIFT_VERSION = 5.0;
				TARGETED_DEVICE_FAMILY = "1,2";
				TEST_TARGET_NAME = LearningApp;
			};
			name = Debug;
		};
		D376B96D294EAB92000D251E /* Release */ = {
			isa = XCBuildConfiguration;
			buildSettings = {
				ALWAYS_EMBED_SWIFT_STANDARD_LIBRARIES = YES;
				CODE_SIGN_STYLE = Automatic;
				CURRENT_PROJECT_VERSION = 1;
				DEVELOPMENT_TEAM = A3PJCFNUAB;
				GENERATE_INFOPLIST_FILE = YES;
				MARKETING_VERSION = 1.0;
				PRODUCT_BUNDLE_IDENTIFIER = montalto.domenico.LearningAppUITests;
				PRODUCT_NAME = "$(TARGET_NAME)";
				SWIFT_EMIT_LOC_STRINGS = NO;
				SWIFT_VERSION = 5.0;
				TARGETED_DEVICE_FAMILY = "1,2";
				TEST_TARGET_NAME = LearningApp;
			};
			name = Release;
		};
/* End XCBuildConfiguration section */

/* Begin XCConfigurationList section */
		D376B93C294EAB91000D251E /* Build configuration list for PBXProject "LearningApp" */ = {
			isa = XCConfigurationList;
			buildConfigurations = (
				D376B963294EAB92000D251E /* Debug */,
				D376B964294EAB92000D251E /* Release */,
			);
			defaultConfigurationIsVisible = 0;
			defaultConfigurationName = Release;
		};
		D376B965294EAB92000D251E /* Build configuration list for PBXNativeTarget "LearningApp" */ = {
			isa = XCConfigurationList;
			buildConfigurations = (
				D376B966294EAB92000D251E /* Debug */,
				D376B967294EAB92000D251E /* Release */,
			);
			defaultConfigurationIsVisible = 0;
			defaultConfigurationName = Release;
		};
		D376B968294EAB92000D251E /* Build configuration list for PBXNativeTarget "LearningAppTests" */ = {
			isa = XCConfigurationList;
			buildConfigurations = (
				D376B969294EAB92000D251E /* Debug */,
				D376B96A294EAB92000D251E /* Release */,
			);
			defaultConfigurationIsVisible = 0;
			defaultConfigurationName = Release;
		};
		D376B96B294EAB92000D251E /* Build configuration list for PBXNativeTarget "LearningAppUITests" */ = {
			isa = XCConfigurationList;
			buildConfigurations = (
				D376B96C294EAB92000D251E /* Debug */,
				D376B96D294EAB92000D251E /* Release */,
			);
			defaultConfigurationIsVisible = 0;
			defaultConfigurationName = Release;
		};
/* End XCConfigurationList section */
	};
	rootObject = D376B939294EAB91000D251E /* Project object */;
}
